// !$*UTF8*$!
{
	archiveVersion = 1;
	classes = {
	};
	objectVersion = 46;
	objects = {

/* Begin PBXBuildFile section */
		35B8AD38199E26CA00195481 /* video_record_btn_click.png in Resources */ = {isa = PBXBuildFile; fileRef = 35B8AD37199E26CA00195481 /* video_record_btn_click.png */; };
		35CC640D1998CEAE005B470C /* Foundation.framework in Frameworks */ = {isa = PBXBuildFile; fileRef = 35CC640C1998CEAE005B470C /* Foundation.framework */; };
		35CC640F1998CEAE005B470C /* CoreGraphics.framework in Frameworks */ = {isa = PBXBuildFile; fileRef = 35CC640E1998CEAE005B470C /* CoreGraphics.framework */; };
		35CC64111998CEAE005B470C /* UIKit.framework in Frameworks */ = {isa = PBXBuildFile; fileRef = 35CC64101998CEAE005B470C /* UIKit.framework */; };
		35CC64171998CEAE005B470C /* InfoPlist.strings in Resources */ = {isa = PBXBuildFile; fileRef = 35CC64151998CEAE005B470C /* InfoPlist.strings */; };
		35CC64191998CEAE005B470C /* main.m in Sources */ = {isa = PBXBuildFile; fileRef = 35CC64181998CEAE005B470C /* main.m */; };
		35CC641D1998CEAE005B470C /* AppDelegate.m in Sources */ = {isa = PBXBuildFile; fileRef = 35CC641C1998CEAE005B470C /* AppDelegate.m */; };
		35CC64201998CEAE005B470C /* Main.storyboard in Resources */ = {isa = PBXBuildFile; fileRef = 35CC641E1998CEAE005B470C /* Main.storyboard */; };
		35CC64231998CEAE005B470C /* ViewController.m in Sources */ = {isa = PBXBuildFile; fileRef = 35CC64221998CEAE005B470C /* ViewController.m */; };
		35CC64251998CEAE005B470C /* Images.xcassets in Resources */ = {isa = PBXBuildFile; fileRef = 35CC64241998CEAE005B470C /* Images.xcassets */; };
		35CC642C1998CEAE005B470C /* XCTest.framework in Frameworks */ = {isa = PBXBuildFile; fileRef = 35CC642B1998CEAE005B470C /* XCTest.framework */; };
		35CC642D1998CEAE005B470C /* Foundation.framework in Frameworks */ = {isa = PBXBuildFile; fileRef = 35CC640C1998CEAE005B470C /* Foundation.framework */; };
		35CC642E1998CEAE005B470C /* UIKit.framework in Frameworks */ = {isa = PBXBuildFile; fileRef = 35CC64101998CEAE005B470C /* UIKit.framework */; };
		35CC64361998CEAE005B470C /* InfoPlist.strings in Resources */ = {isa = PBXBuildFile; fileRef = 35CC64341998CEAE005B470C /* InfoPlist.strings */; };
		35CC64381998CEAE005B470C /* MultiColourProgressBarTests.m in Sources */ = {isa = PBXBuildFile; fileRef = 35CC64371998CEAE005B470C /* MultiColourProgressBarTests.m */; };
		35CC64431998CF9D005B470C /* video_record_btn.png in Resources */ = {isa = PBXBuildFile; fileRef = 35CC64421998CF9D005B470C /* video_record_btn.png */; };
		35CC64471998EA2F005B470C /* MutilColorProgressBar.m in Sources */ = {isa = PBXBuildFile; fileRef = 35CC64461998EA2F005B470C /* MutilColorProgressBar.m */; };
		35CC64491998EAF0005B470C /* video_redelete.png in Resources */ = {isa = PBXBuildFile; fileRef = 35CC64481998EAF0005B470C /* video_redelete.png */; };
/* End PBXBuildFile section */

/* Begin PBXContainerItemProxy section */
		35CC642F1998CEAE005B470C /* PBXContainerItemProxy */ = {
			isa = PBXContainerItemProxy;
			containerPortal = 35CC64011998CEAD005B470C /* Project object */;
			proxyType = 1;
			remoteGlobalIDString = 35CC64081998CEAD005B470C;
			remoteInfo = MultiColourProgressBar;
		};
/* End PBXContainerItemProxy section */

/* Begin PBXFileReference section */
		35B8AD37199E26CA00195481 /* video_record_btn_click.png */ = {isa = PBXFileReference; lastKnownFileType = image.png; path = video_record_btn_click.png; sourceTree = "<group>"; };
		35CC64091998CEAE005B470C /* MutilColorProgressBar.app */ = {isa = PBXFileReference; explicitFileType = wrapper.application; includeInIndex = 0; path = MutilColorProgressBar.app; sourceTree = BUILT_PRODUCTS_DIR; };
		35CC640C1998CEAE005B470C /* Foundation.framework */ = {isa = PBXFileReference; lastKnownFileType = wrapper.framework; name = Foundation.framework; path = System/Library/Frameworks/Foundation.framework; sourceTree = SDKROOT; };
		35CC640E1998CEAE005B470C /* CoreGraphics.framework */ = {isa = PBXFileReference; lastKnownFileType = wrapper.framework; name = CoreGraphics.framework; path = System/Library/Frameworks/CoreGraphics.framework; sourceTree = SDKROOT; };
		35CC64101998CEAE005B470C /* UIKit.framework */ = {isa = PBXFileReference; lastKnownFileType = wrapper.framework; name = UIKit.framework; path = System/Library/Frameworks/UIKit.framework; sourceTree = SDKROOT; };
		35CC64141998CEAE005B470C /* MutilColorProgressBar-Info.plist */ = {isa = PBXFileReference; lastKnownFileType = text.plist.xml; path = "MutilColorProgressBar-Info.plist"; sourceTree = "<group>"; };
		35CC64161998CEAE005B470C /* en */ = {isa = PBXFileReference; lastKnownFileType = text.plist.strings; name = en; path = en.lproj/InfoPlist.strings; sourceTree = "<group>"; };
		35CC64181998CEAE005B470C /* main.m */ = {isa = PBXFileReference; lastKnownFileType = sourcecode.c.objc; path = main.m; sourceTree = "<group>"; };
		35CC641A1998CEAE005B470C /* MutilColorProgressBar-Prefix.pch */ = {isa = PBXFileReference; lastKnownFileType = sourcecode.c.h; path = "MutilColorProgressBar-Prefix.pch"; sourceTree = "<group>"; };
		35CC641B1998CEAE005B470C /* AppDelegate.h */ = {isa = PBXFileReference; lastKnownFileType = sourcecode.c.h; path = AppDelegate.h; sourceTree = "<group>"; };
		35CC641C1998CEAE005B470C /* AppDelegate.m */ = {isa = PBXFileReference; lastKnownFileType = sourcecode.c.objc; path = AppDelegate.m; sourceTree = "<group>"; };
		35CC641F1998CEAE005B470C /* Base */ = {isa = PBXFileReference; lastKnownFileType = file.storyboard; name = Base; path = Base.lproj/Main.storyboard; sourceTree = "<group>"; };
		35CC64211998CEAE005B470C /* ViewController.h */ = {isa = PBXFileReference; lastKnownFileType = sourcecode.c.h; path = ViewController.h; sourceTree = "<group>"; };
		35CC64221998CEAE005B470C /* ViewController.m */ = {isa = PBXFileReference; lastKnownFileType = sourcecode.c.objc; path = ViewController.m; sourceTree = "<group>"; };
		35CC64241998CEAE005B470C /* Images.xcassets */ = {isa = PBXFileReference; lastKnownFileType = folder.assetcatalog; path = Images.xcassets; sourceTree = "<group>"; };
		35CC642A1998CEAE005B470C /* MutilColorProgressBarTests.xctest */ = {isa = PBXFileReference; explicitFileType = wrapper.cfbundle; includeInIndex = 0; path = MutilColorProgressBarTests.xctest; sourceTree = BUILT_PRODUCTS_DIR; };
		35CC642B1998CEAE005B470C /* XCTest.framework */ = {isa = PBXFileReference; lastKnownFileType = wrapper.framework; name = XCTest.framework; path = Library/Frameworks/XCTest.framework; sourceTree = DEVELOPER_DIR; };
		35CC64331998CEAE005B470C /* MutilColorProgressBarTests-Info.plist */ = {isa = PBXFileReference; lastKnownFileType = text.plist.xml; path = "MutilColorProgressBarTests-Info.plist"; sourceTree = "<group>"; };
		35CC64351998CEAE005B470C /* en */ = {isa = PBXFileReference; lastKnownFileType = text.plist.strings; name = en; path = en.lproj/InfoPlist.strings; sourceTree = "<group>"; };
		35CC64371998CEAE005B470C /* MultiColourProgressBarTests.m */ = {isa = PBXFileReference; lastKnownFileType = sourcecode.c.objc; path = MultiColourProgressBarTests.m; sourceTree = "<group>"; };
		35CC64421998CF9D005B470C /* video_record_btn.png */ = {isa = PBXFileReference; lastKnownFileType = image.png; path = video_record_btn.png; sourceTree = "<group>"; };
		35CC64451998EA2F005B470C /* MutilColorProgressBar.h */ = {isa = PBXFileReference; fileEncoding = 4; lastKnownFileType = sourcecode.c.h; path = MutilColorProgressBar.h; sourceTree = "<group>"; };
		35CC64461998EA2F005B470C /* MutilColorProgressBar.m */ = {isa = PBXFileReference; fileEncoding = 4; lastKnownFileType = sourcecode.c.objc; path = MutilColorProgressBar.m; sourceTree = "<group>"; };
		35CC64481998EAF0005B470C /* video_redelete.png */ = {isa = PBXFileReference; lastKnownFileType = image.png; path = video_redelete.png; sourceTree = "<group>"; };
/* End PBXFileReference section */

/* Begin PBXFrameworksBuildPhase section */
		35CC64061998CEAD005B470C /* Frameworks */ = {
			isa = PBXFrameworksBuildPhase;
			buildActionMask = 2147483647;
			files = (
				35CC640F1998CEAE005B470C /* CoreGraphics.framework in Frameworks */,
				35CC64111998CEAE005B470C /* UIKit.framework in Frameworks */,
				35CC640D1998CEAE005B470C /* Foundation.framework in Frameworks */,
			);
			runOnlyForDeploymentPostprocessing = 0;
		};
		35CC64271998CEAE005B470C /* Frameworks */ = {
			isa = PBXFrameworksBuildPhase;
			buildActionMask = 2147483647;
			files = (
				35CC642C1998CEAE005B470C /* XCTest.framework in Frameworks */,
				35CC642E1998CEAE005B470C /* UIKit.framework in Frameworks */,
				35CC642D1998CEAE005B470C /* Foundation.framework in Frameworks */,
			);
			runOnlyForDeploymentPostprocessing = 0;
		};
/* End PBXFrameworksBuildPhase section */

/* Begin PBXGroup section */
		35CC64001998CEAD005B470C = {
			isa = PBXGroup;
			children = (
				35CC64121998CEAE005B470C /* MutilColorProgressBar */,
				35CC64311998CEAE005B470C /* MultiColourProgressBarTests */,
				35CC640B1998CEAE005B470C /* Frameworks */,
				35CC640A1998CEAE005B470C /* Products */,
			);
			sourceTree = "<group>";
		};
		35CC640A1998CEAE005B470C /* Products */ = {
			isa = PBXGroup;
			children = (
				35CC64091998CEAE005B470C /* MutilColorProgressBar.app */,
				35CC642A1998CEAE005B470C /* MutilColorProgressBarTests.xctest */,
			);
			name = Products;
			sourceTree = "<group>";
		};
		35CC640B1998CEAE005B470C /* Frameworks */ = {
			isa = PBXGroup;
			children = (
				35CC640C1998CEAE005B470C /* Foundation.framework */,
				35CC640E1998CEAE005B470C /* CoreGraphics.framework */,
				35CC64101998CEAE005B470C /* UIKit.framework */,
				35CC642B1998CEAE005B470C /* XCTest.framework */,
			);
			name = Frameworks;
			sourceTree = "<group>";
		};
		35CC64121998CEAE005B470C /* MutilColorProgressBar */ = {
			isa = PBXGroup;
			children = (
				35CC641B1998CEAE005B470C /* AppDelegate.h */,
				35CC641C1998CEAE005B470C /* AppDelegate.m */,
				35CC641E1998CEAE005B470C /* Main.storyboard */,
				35CC64211998CEAE005B470C /* ViewController.h */,
				35CC64221998CEAE005B470C /* ViewController.m */,
				35CC64441998E8D3005B470C /* Vendors */,
				35CC64241998CEAE005B470C /* Images.xcassets */,
				35CC64411998CF7D005B470C /* Resource */,
				35CC64131998CEAE005B470C /* Supporting Files */,
			);
			name = MutilColorProgressBar;
			path = MultiColourProgressBar;
			sourceTree = "<group>";
		};
		35CC64131998CEAE005B470C /* Supporting Files */ = {
			isa = PBXGroup;
			children = (
				35CC64141998CEAE005B470C /* MutilColorProgressBar-Info.plist */,
				35CC64151998CEAE005B470C /* InfoPlist.strings */,
				35CC64181998CEAE005B470C /* main.m */,
				35CC641A1998CEAE005B470C /* MutilColorProgressBar-Prefix.pch */,
			);
			name = "Supporting Files";
			sourceTree = "<group>";
		};
		35CC64311998CEAE005B470C /* MultiColourProgressBarTests */ = {
			isa = PBXGroup;
			children = (
				35CC64371998CEAE005B470C /* MultiColourProgressBarTests.m */,
				35CC64321998CEAE005B470C /* Supporting Files */,
			);
			path = MultiColourProgressBarTests;
			sourceTree = "<group>";
		};
		35CC64321998CEAE005B470C /* Supporting Files */ = {
			isa = PBXGroup;
			children = (
				35CC64331998CEAE005B470C /* MutilColorProgressBarTests-Info.plist */,
				35CC64341998CEAE005B470C /* InfoPlist.strings */,
			);
			name = "Supporting Files";
			sourceTree = "<group>";
		};
		35CC64411998CF7D005B470C /* Resource */ = {
			isa = PBXGroup;
			children = (
				35B8AD37199E26CA00195481 /* video_record_btn_click.png */,
				35CC64481998EAF0005B470C /* video_redelete.png */,
				35CC64421998CF9D005B470C /* video_record_btn.png */,
			);
			name = Resource;
			sourceTree = "<group>";
		};
		35CC64441998E8D3005B470C /* Vendors */ = {
			isa = PBXGroup;
			children = (
				35CC64451998EA2F005B470C /* MutilColorProgressBar.h */,
				35CC64461998EA2F005B470C /* MutilColorProgressBar.m */,
			);
			name = Vendors;
			sourceTree = "<group>";
		};
/* End PBXGroup section */

/* Begin PBXNativeTarget section */
		35CC64081998CEAD005B470C /* MutilColorProgressBar */ = {
			isa = PBXNativeTarget;
			buildConfigurationList = 35CC643B1998CEAE005B470C /* Build configuration list for PBXNativeTarget "MutilColorProgressBar" */;
			buildPhases = (
				35CC64051998CEAD005B470C /* Sources */,
				35CC64061998CEAD005B470C /* Frameworks */,
				35CC64071998CEAD005B470C /* Resources */,
			);
			buildRules = (
			);
			dependencies = (
			);
			name = MutilColorProgressBar;
			productName = MultiColourProgressBar;
			productReference = 35CC64091998CEAE005B470C /* MutilColorProgressBar.app */;
			productType = "com.apple.product-type.application";
		};
		35CC64291998CEAE005B470C /* MutilColorProgressBarTests */ = {
			isa = PBXNativeTarget;
			buildConfigurationList = 35CC643E1998CEAE005B470C /* Build configuration list for PBXNativeTarget "MutilColorProgressBarTests" */;
			buildPhases = (
				35CC64261998CEAE005B470C /* Sources */,
				35CC64271998CEAE005B470C /* Frameworks */,
				35CC64281998CEAE005B470C /* Resources */,
			);
			buildRules = (
			);
			dependencies = (
				35CC64301998CEAE005B470C /* PBXTargetDependency */,
			);
			name = MutilColorProgressBarTests;
			productName = MultiColourProgressBarTests;
			productReference = 35CC642A1998CEAE005B470C /* MutilColorProgressBarTests.xctest */;
			productType = "com.apple.product-type.bundle.unit-test";
		};
/* End PBXNativeTarget section */

/* Begin PBXProject section */
		35CC64011998CEAD005B470C /* Project object */ = {
			isa = PBXProject;
			attributes = {
				LastUpgradeCheck = 0510;
				ORGANIZATIONNAME = com.xdd;
				TargetAttributes = {
					35CC64291998CEAE005B470C = {
						TestTargetID = 35CC64081998CEAD005B470C;
					};
				};
			};
			buildConfigurationList = 35CC64041998CEAD005B470C /* Build configuration list for PBXProject "MutilColorProgressBar" */;
			compatibilityVersion = "Xcode 3.2";
			developmentRegion = English;
			hasScannedForEncodings = 0;
			knownRegions = (
				en,
				Base,
			);
			mainGroup = 35CC64001998CEAD005B470C;
			productRefGroup = 35CC640A1998CEAE005B470C /* Products */;
			projectDirPath = "";
			projectRoot = "";
			targets = (
				35CC64081998CEAD005B470C /* MutilColorProgressBar */,
				35CC64291998CEAE005B470C /* MutilColorProgressBarTests */,
			);
		};
/* End PBXProject section */

/* Begin PBXResourcesBuildPhase section */
		35CC64071998CEAD005B470C /* Resources */ = {
			isa = PBXResourcesBuildPhase;
			buildActionMask = 2147483647;
			files = (
				35CC64251998CEAE005B470C /* Images.xcassets in Resources */,
				35CC64171998CEAE005B470C /* InfoPlist.strings in Resources */,
				35B8AD38199E26CA00195481 /* video_record_btn_click.png in Resources */,
				35CC64201998CEAE005B470C /* Main.storyboard in Resources */,
				35CC64431998CF9D005B470C /* video_record_btn.png in Resources */,
				35CC64491998EAF0005B470C /* video_redelete.png in Resources */,
			);
			runOnlyForDeploymentPostprocessing = 0;
		};
		35CC64281998CEAE005B470C /* Resources */ = {
			isa = PBXResourcesBuildPhase;
			buildActionMask = 2147483647;
			files = (
				35CC64361998CEAE005B470C /* InfoPlist.strings in Resources */,
			);
			runOnlyForDeploymentPostprocessing = 0;
		};
/* End PBXResourcesBuildPhase section */

/* Begin PBXSourcesBuildPhase section */
		35CC64051998CEAD005B470C /* Sources */ = {
			isa = PBXSourcesBuildPhase;
			buildActionMask = 2147483647;
			files = (
				35CC64471998EA2F005B470C /* MutilColorProgressBar.m in Sources */,
				35CC64231998CEAE005B470C /* ViewController.m in Sources */,
				35CC641D1998CEAE005B470C /* AppDelegate.m in Sources */,
				35CC64191998CEAE005B470C /* main.m in Sources */,
			);
			runOnlyForDeploymentPostprocessing = 0;
		};
		35CC64261998CEAE005B470C /* Sources */ = {
			isa = PBXSourcesBuildPhase;
			buildActionMask = 2147483647;
			files = (
				35CC64381998CEAE005B470C /* MultiColourProgressBarTests.m in Sources */,
			);
			runOnlyForDeploymentPostprocessing = 0;
		};
/* End PBXSourcesBuildPhase section */

/* Begin PBXTargetDependency section */
		35CC64301998CEAE005B470C /* PBXTargetDependency */ = {
			isa = PBXTargetDependency;
			target = 35CC64081998CEAD005B470C /* MutilColorProgressBar */;
			targetProxy = 35CC642F1998CEAE005B470C /* PBXContainerItemProxy */;
		};
/* End PBXTargetDependency section */

/* Begin PBXVariantGroup section */
		35CC64151998CEAE005B470C /* InfoPlist.strings */ = {
			isa = PBXVariantGroup;
			children = (
				35CC64161998CEAE005B470C /* en */,
			);
			name = InfoPlist.strings;
			sourceTree = "<group>";
		};
		35CC641E1998CEAE005B470C /* Main.storyboard */ = {
			isa = PBXVariantGroup;
			children = (
				35CC641F1998CEAE005B470C /* Base */,
			);
			name = Main.storyboard;
			sourceTree = "<group>";
		};
		35CC64341998CEAE005B470C /* InfoPlist.strings */ = {
			isa = PBXVariantGroup;
			children = (
				35CC64351998CEAE005B470C /* en */,
			);
			name = InfoPlist.strings;
			sourceTree = "<group>";
		};
/* End PBXVariantGroup section */

/* Begin XCBuildConfiguration section */
		35CC64391998CEAE005B470C /* Debug */ = {
			isa = XCBuildConfiguration;
			buildSettings = {
				ALWAYS_SEARCH_USER_PATHS = NO;
				CLANG_CXX_LANGUAGE_STANDARD = "gnu++0x";
				CLANG_CXX_LIBRARY = "libc++";
				CLANG_ENABLE_MODULES = YES;
				CLANG_ENABLE_OBJC_ARC = YES;
				CLANG_WARN_BOOL_CONVERSION = YES;
				CLANG_WARN_CONSTANT_CONVERSION = YES;
				CLANG_WARN_DIRECT_OBJC_ISA_USAGE = YES_ERROR;
				CLANG_WARN_EMPTY_BODY = YES;
				CLANG_WARN_ENUM_CONVERSION = YES;
				CLANG_WARN_INT_CONVERSION = YES;
				CLANG_WARN_OBJC_ROOT_CLASS = YES_ERROR;
				CLANG_WARN__DUPLICATE_METHOD_MATCH = YES;
				"CODE_SIGN_IDENTITY[sdk=iphoneos*]" = "iPhone Developer";
				COPY_PHASE_STRIP = NO;
				GCC_C_LANGUAGE_STANDARD = gnu99;
				GCC_DYNAMIC_NO_PIC = NO;
				GCC_OPTIMIZATION_LEVEL = 0;
				GCC_PREPROCESSOR_DEFINITIONS = (
					"DEBUG=1",
					"$(inherited)",
				);
				GCC_SYMBOLS_PRIVATE_EXTERN = NO;
				GCC_WARN_64_TO_32_BIT_CONVERSION = YES;
				GCC_WARN_ABOUT_RETURN_TYPE = YES_ERROR;
				GCC_WARN_UNDECLARED_SELECTOR = YES;
				GCC_WARN_UNINITIALIZED_AUTOS = YES_AGGRESSIVE;
				GCC_WARN_UNUSED_FUNCTION = YES;
				GCC_WARN_UNUSED_VARIABLE = YES;
				IPHONEOS_DEPLOYMENT_TARGET = 7.1;
				ONLY_ACTIVE_ARCH = YES;
				SDKROOT = iphoneos;
			};
			name = Debug;
		};
		35CC643A1998CEAE005B470C /* Release */ = {
			isa = XCBuildConfiguration;
			buildSettings = {
				ALWAYS_SEARCH_USER_PATHS = NO;
				CLANG_CXX_LANGUAGE_STANDARD = "gnu++0x";
				CLANG_CXX_LIBRARY = "libc++";
				CLANG_ENABLE_MODULES = YES;
				CLANG_ENABLE_OBJC_ARC = YES;
				CLANG_WARN_BOOL_CONVERSION = YES;
				CLANG_WARN_CONSTANT_CONVERSION = YES;
				CLANG_WARN_DIRECT_OBJC_ISA_USAGE = YES_ERROR;
				CLANG_WARN_EMPTY_BODY = YES;
				CLANG_WARN_ENUM_CONVERSION = YES;
				CLANG_WARN_INT_CONVERSION = YES;
				CLANG_WARN_OBJC_ROOT_CLASS = YES_ERROR;
				CLANG_WARN__DUPLICATE_METHOD_MATCH = YES;
				"CODE_SIGN_IDENTITY[sdk=iphoneos*]" = "iPhone Developer";
				COPY_PHASE_STRIP = YES;
				ENABLE_NS_ASSERTIONS = NO;
				GCC_C_LANGUAGE_STANDARD = gnu99;
				GCC_WARN_64_TO_32_BIT_CONVERSION = YES;
				GCC_WARN_ABOUT_RETURN_TYPE = YES_ERROR;
				GCC_WARN_UNDECLARED_SELECTOR = YES;
				GCC_WARN_UNINITIALIZED_AUTOS = YES_AGGRESSIVE;
				GCC_WARN_UNUSED_FUNCTION = YES;
				GCC_WARN_UNUSED_VARIABLE = YES;
				IPHONEOS_DEPLOYMENT_TARGET = 7.1;
				SDKROOT = iphoneos;
				VALIDATE_PRODUCT = YES;
			};
			name = Release;
		};
		35CC643C1998CEAE005B470C /* Debug */ = {
			isa = XCBuildConfiguration;
			buildSettings = {
				ASSETCATALOG_COMPILER_APPICON_NAME = AppIcon;
				ASSETCATALOG_COMPILER_LAUNCHIMAGE_NAME = LaunchImage;
				GCC_PRECOMPILE_PREFIX_HEADER = YES;
				GCC_PREFIX_HEADER = "MultiColourProgressBar/MutilColorProgressBar-Prefix.pch";
				INFOPLIST_FILE = "MultiColourProgressBar/MutilColorProgressBar-Info.plist";
				PRODUCT_NAME = MutilColorProgressBar;
				WRAPPER_EXTENSION = app;
			};
			name = Debug;
		};
		35CC643D1998CEAE005B470C /* Release */ = {
			isa = XCBuildConfiguration;
			buildSettings = {
				ASSETCATALOG_COMPILER_APPICON_NAME = AppIcon;
				ASSETCATALOG_COMPILER_LAUNCHIMAGE_NAME = LaunchImage;
				GCC_PRECOMPILE_PREFIX_HEADER = YES;
				GCC_PREFIX_HEADER = "MultiColourProgressBar/MutilColorProgressBar-Prefix.pch";
				INFOPLIST_FILE = "MultiColourProgressBar/MutilColorProgressBar-Info.plist";
				PRODUCT_NAME = MutilColorProgressBar;
				WRAPPER_EXTENSION = app;
			};
			name = Release;
		};
		35CC643F1998CEAE005B470C /* Debug */ = {
			isa = XCBuildConfiguration;
			buildSettings = {
				BUNDLE_LOADER = "$(BUILT_PRODUCTS_DIR)/MultiColourProgressBar.app/MultiColourProgressBar";
				FRAMEWORK_SEARCH_PATHS = (
					"$(SDKROOT)/Developer/Library/Frameworks",
					"$(inherited)",
					"$(DEVELOPER_FRAMEWORKS_DIR)",
				);
				GCC_PRECOMPILE_PREFIX_HEADER = YES;
				GCC_PREFIX_HEADER = "MultiColourProgressBar/MultiColourProgressBar-Prefix.pch";
				GCC_PREPROCESSOR_DEFINITIONS = (
					"DEBUG=1",
					"$(inherited)",
				);
				INFOPLIST_FILE = "MultiColourProgressBarTests/MutilColorProgressBarTests-Info.plist";
				PRODUCT_NAME = MutilColorProgressBarTests;
				TEST_HOST = "$(BUNDLE_LOADER)";
				WRAPPER_EXTENSION = xctest;
			};
			name = Debug;
		};
		35CC64401998CEAE005B470C /* Release */ = {
			isa = XCBuildConfiguration;
			buildSettings = {
				BUNDLE_LOADER = "$(BUILT_PRODUCTS_DIR)/MultiColourProgressBar.app/MultiColourProgressBar";
				FRAMEWORK_SEARCH_PATHS = (
					"$(SDKROOT)/Developer/Library/Frameworks",
					"$(inherited)",
					"$(DEVELOPER_FRAMEWORKS_DIR)",
				);
				GCC_PRECOMPILE_PREFIX_HEADER = YES;
				GCC_PREFIX_HEADER = "MultiColourProgressBar/MultiColourProgressBar-Prefix.pch";
				INFOPLIST_FILE = "MultiColourProgressBarTests/MutilColorProgressBarTests-Info.plist";
				PRODUCT_NAME = MutilColorProgressBarTests;
				TEST_HOST = "$(BUNDLE_LOADER)";
				WRAPPER_EXTENSION = xctest;
			};
			name = Release;
		};
/* End XCBuildConfiguration section */

/* Begin XCConfigurationList section */
		35CC64041998CEAD005B470C /* Build configuration list for PBXProject "MutilColorProgressBar" */ = {
			isa = XCConfigurationList;
			buildConfigurations = (
				35CC64391998CEAE005B470C /* Debug */,
				35CC643A1998CEAE005B470C /* Release */,
			);
			defaultConfigurationIsVisible = 0;
			defaultConfigurationName = Release;
		};
		35CC643B1998CEAE005B470C /* Build configuration list for PBXNativeTarget "MutilColorProgressBar" */ = {
			isa = XCConfigurationList;
			buildConfigurations = (
				35CC643C1998CEAE005B470C /* Debug */,
				35CC643D1998CEAE005B470C /* Release */,
			);
			defaultConfigurationIsVisible = 0;
			defaultConfigurationName = Release;
		};
		35CC643E1998CEAE005B470C /* Build configuration list for PBXNativeTarget "MutilColorProgressBarTests" */ = {
			isa = XCConfigurationList;
			buildConfigurations = (
				35CC643F1998CEAE005B470C /* Debug */,
				35CC64401998CEAE005B470C /* Release */,
			);
			defaultConfigurationIsVisible = 0;
			defaultConfigurationName = Release;
		};
/* End XCConfigurationList section */
	};
	rootObject = 35CC64011998CEAD005B470C /* Project object */;
}
